// !$*UTF8*$!
{
	archiveVersion = 1;
	classes = {
	};
	objectVersion = 46;
	objects = {

/* Begin PBXBuildFile section */
		D2D774FE1718F42200ED68C4 /* UIKit.framework in Frameworks */ = {isa = PBXBuildFile; fileRef = D2D774FD1718F42200ED68C4 /* UIKit.framework */; };
		D2D775001718F42200ED68C4 /* Foundation.framework in Frameworks */ = {isa = PBXBuildFile; fileRef = D2D774FF1718F42200ED68C4 /* Foundation.framework */; };
		D2D775021718F42200ED68C4 /* CoreGraphics.framework in Frameworks */ = {isa = PBXBuildFile; fileRef = D2D775011718F42200ED68C4 /* CoreGraphics.framework */; };
		D2D775081718F42200ED68C4 /* InfoPlist.strings in Resources */ = {isa = PBXBuildFile; fileRef = D2D775061718F42200ED68C4 /* InfoPlist.strings */; };
		D2D7750A1718F42200ED68C4 /* main.m in Sources */ = {isa = PBXBuildFile; fileRef = D2D775091718F42200ED68C4 /* main.m */; };
		D2D7750E1718F42200ED68C4 /* TMAppDelegate.m in Sources */ = {isa = PBXBuildFile; fileRef = D2D7750D1718F42200ED68C4 /* TMAppDelegate.m */; };
		D2D775101718F42200ED68C4 /* Default.png in Resources */ = {isa = PBXBuildFile; fileRef = D2D7750F1718F42200ED68C4 /* Default.png */; };
		D2D775121718F42200ED68C4 /* Default@2x.png in Resources */ = {isa = PBXBuildFile; fileRef = D2D775111718F42200ED68C4 /* Default@2x.png */; };
		D2D775141718F42200ED68C4 /* Default-568h@2x.png in Resources */ = {isa = PBXBuildFile; fileRef = D2D775131718F42200ED68C4 /* Default-568h@2x.png */; };
		D2D775171718F42200ED68C4 /* TMFirstViewController.m in Sources */ = {isa = PBXBuildFile; fileRef = D2D775161718F42200ED68C4 /* TMFirstViewController.m */; };
		D2D775191718F42200ED68C4 /* first.png in Resources */ = {isa = PBXBuildFile; fileRef = D2D775181718F42200ED68C4 /* first.png */; };
		D2D7751B1718F42200ED68C4 /* first@2x.png in Resources */ = {isa = PBXBuildFile; fileRef = D2D7751A1718F42200ED68C4 /* first@2x.png */; };
		D2D7751E1718F42200ED68C4 /* TMSecondViewController.m in Sources */ = {isa = PBXBuildFile; fileRef = D2D7751D1718F42200ED68C4 /* TMSecondViewController.m */; };
		D2D775201718F42200ED68C4 /* second.png in Resources */ = {isa = PBXBuildFile; fileRef = D2D7751F1718F42200ED68C4 /* second.png */; };
		D2D775221718F42200ED68C4 /* second@2x.png in Resources */ = {isa = PBXBuildFile; fileRef = D2D775211718F42200ED68C4 /* second@2x.png */; };
		D2D775251718F42200ED68C4 /* TMFirstViewController.xib in Resources */ = {isa = PBXBuildFile; fileRef = D2D775231718F42200ED68C4 /* TMFirstViewController.xib */; };
		D2D775281718F42200ED68C4 /* TMSecondViewController.xib in Resources */ = {isa = PBXBuildFile; fileRef = D2D775261718F42200ED68C4 /* TMSecondViewController.xib */; };
		D2D775301718F42200ED68C4 /* SenTestingKit.framework in Frameworks */ = {isa = PBXBuildFile; fileRef = D2D7752F1718F42200ED68C4 /* SenTestingKit.framework */; };
		D2D775311718F42200ED68C4 /* UIKit.framework in Frameworks */ = {isa = PBXBuildFile; fileRef = D2D774FD1718F42200ED68C4 /* UIKit.framework */; };
		D2D775321718F42200ED68C4 /* Foundation.framework in Frameworks */ = {isa = PBXBuildFile; fileRef = D2D774FF1718F42200ED68C4 /* Foundation.framework */; };
		D2D7753A1718F42200ED68C4 /* InfoPlist.strings in Resources */ = {isa = PBXBuildFile; fileRef = D2D775381718F42200ED68C4 /* InfoPlist.strings */; };
		D2D7753D1718F42200ED68C4 /* TradeMeAppTests.m in Sources */ = {isa = PBXBuildFile; fileRef = D2D7753C1718F42200ED68C4 /* TradeMeAppTests.m */; };
		D2D775681719055300ED68C4 /* libRestKit.a in Frameworks */ = {isa = PBXBuildFile; fileRef = D2D775611719043000ED68C4 /* libRestKit.a */; };
		D2D77573171905C500ED68C4 /* SystemConfiguration.framework in Frameworks */ = {isa = PBXBuildFile; fileRef = D2D775711719059E00ED68C4 /* SystemConfiguration.framework */; };
		D2D77574171905CC00ED68C4 /* Security.framework in Frameworks */ = {isa = PBXBuildFile; fileRef = D2D7756F1719059600ED68C4 /* Security.framework */; };
		D2D77575171905D700ED68C4 /* MobileCoreServices.framework in Frameworks */ = {isa = PBXBuildFile; fileRef = D2D7756D1719058D00ED68C4 /* MobileCoreServices.framework */; };
		D2D77576171905E000ED68C4 /* CoreData.framework in Frameworks */ = {isa = PBXBuildFile; fileRef = D2D7756B1719058400ED68C4 /* CoreData.framework */; };
		D2D77577171905EC00ED68C4 /* CFNetwork.framework in Frameworks */ = {isa = PBXBuildFile; fileRef = D2D775691719056F00ED68C4 /* CFNetwork.framework */; };
		D2D7757C17190A4500ED68C4 /* TMCategory.m in Sources */ = {isa = PBXBuildFile; fileRef = D2D7757B17190A4500ED68C4 /* TMCategory.m */; };
		D2D775831719106E00ED68C4 /* TMBaseService.m in Sources */ = {isa = PBXBuildFile; fileRef = D2D775821719106E00ED68C4 /* TMBaseService.m */; };
		D2D77589171910F200ED68C4 /* TMCategoryService.m in Sources */ = {isa = PBXBuildFile; fileRef = D2D77588171910F200ED68C4 /* TMCategoryService.m */; };
		D2D7758C1719126A00ED68C4 /* TMCategory+Mapping.m in Sources */ = {isa = PBXBuildFile; fileRef = D2D7758B1719126A00ED68C4 /* TMCategory+Mapping.m */; };
/* End PBXBuildFile section */

/* Begin PBXContainerItemProxy section */
		D2D775331718F42200ED68C4 /* PBXContainerItemProxy */ = {
			isa = PBXContainerItemProxy;
			containerPortal = D2D774F21718F42200ED68C4 /* Project object */;
			proxyType = 1;
			remoteGlobalIDString = D2D774F91718F42200ED68C4;
			remoteInfo = TradeMeApp;
		};
		D2D775601719043000ED68C4 /* PBXContainerItemProxy */ = {
			isa = PBXContainerItemProxy;
			containerPortal = D2D775591719042F00ED68C4 /* RestKit.xcodeproj */;
			proxyType = 2;
			remoteGlobalIDString = 25160D1614564E810060A5C5;
			remoteInfo = RestKit;
		};
		D2D775621719043000ED68C4 /* PBXContainerItemProxy */ = {
			isa = PBXContainerItemProxy;
			containerPortal = D2D775591719042F00ED68C4 /* RestKit.xcodeproj */;
			proxyType = 2;
			remoteGlobalIDString = 25160D2614564E820060A5C5;
			remoteInfo = RestKitTests;
		};
		D2D775641719043000ED68C4 /* PBXContainerItemProxy */ = {
			isa = PBXContainerItemProxy;
			containerPortal = D2D775591719042F00ED68C4 /* RestKit.xcodeproj */;
			proxyType = 2;
			remoteGlobalIDString = 25160E62145651060060A5C5;
			remoteInfo = RestKitFramework;
		};
		D2D775661719043000ED68C4 /* PBXContainerItemProxy */ = {
			isa = PBXContainerItemProxy;
			containerPortal = D2D775591719042F00ED68C4 /* RestKit.xcodeproj */;
			proxyType = 2;
			remoteGlobalIDString = 25160E78145651060060A5C5;
			remoteInfo = RestKitFrameworkTests;
		};
/* End PBXContainerItemProxy section */

/* Begin PBXFileReference section */
		D2D774FA1718F42200ED68C4 /* TradeMeApp.app */ = {isa = PBXFileReference; explicitFileType = wrapper.application; includeInIndex = 0; path = TradeMeApp.app; sourceTree = BUILT_PRODUCTS_DIR; };
		D2D774FD1718F42200ED68C4 /* UIKit.framework */ = {isa = PBXFileReference; lastKnownFileType = wrapper.framework; name = UIKit.framework; path = System/Library/Frameworks/UIKit.framework; sourceTree = SDKROOT; };
		D2D774FF1718F42200ED68C4 /* Foundation.framework */ = {isa = PBXFileReference; lastKnownFileType = wrapper.framework; name = Foundation.framework; path = System/Library/Frameworks/Foundation.framework; sourceTree = SDKROOT; };
		D2D775011718F42200ED68C4 /* CoreGraphics.framework */ = {isa = PBXFileReference; lastKnownFileType = wrapper.framework; name = CoreGraphics.framework; path = System/Library/Frameworks/CoreGraphics.framework; sourceTree = SDKROOT; };
		D2D775051718F42200ED68C4 /* TradeMeApp-Info.plist */ = {isa = PBXFileReference; lastKnownFileType = text.plist.xml; path = "TradeMeApp-Info.plist"; sourceTree = "<group>"; };
		D2D775071718F42200ED68C4 /* en */ = {isa = PBXFileReference; lastKnownFileType = text.plist.strings; name = en; path = en.lproj/InfoPlist.strings; sourceTree = "<group>"; };
		D2D775091718F42200ED68C4 /* main.m */ = {isa = PBXFileReference; lastKnownFileType = sourcecode.c.objc; path = main.m; sourceTree = "<group>"; };
		D2D7750B1718F42200ED68C4 /* TradeMeApp-Prefix.pch */ = {isa = PBXFileReference; lastKnownFileType = sourcecode.c.h; path = "TradeMeApp-Prefix.pch"; sourceTree = "<group>"; };
		D2D7750C1718F42200ED68C4 /* TMAppDelegate.h */ = {isa = PBXFileReference; lastKnownFileType = sourcecode.c.h; path = TMAppDelegate.h; sourceTree = "<group>"; };
		D2D7750D1718F42200ED68C4 /* TMAppDelegate.m */ = {isa = PBXFileReference; lastKnownFileType = sourcecode.c.objc; path = TMAppDelegate.m; sourceTree = "<group>"; };
		D2D7750F1718F42200ED68C4 /* Default.png */ = {isa = PBXFileReference; lastKnownFileType = image.png; path = Default.png; sourceTree = "<group>"; };
		D2D775111718F42200ED68C4 /* Default@2x.png */ = {isa = PBXFileReference; lastKnownFileType = image.png; path = "Default@2x.png"; sourceTree = "<group>"; };
		D2D775131718F42200ED68C4 /* Default-568h@2x.png */ = {isa = PBXFileReference; lastKnownFileType = image.png; path = "Default-568h@2x.png"; sourceTree = "<group>"; };
		D2D775151718F42200ED68C4 /* TMFirstViewController.h */ = {isa = PBXFileReference; lastKnownFileType = sourcecode.c.h; path = TMFirstViewController.h; sourceTree = "<group>"; };
		D2D775161718F42200ED68C4 /* TMFirstViewController.m */ = {isa = PBXFileReference; lastKnownFileType = sourcecode.c.objc; path = TMFirstViewController.m; sourceTree = "<group>"; };
		D2D775181718F42200ED68C4 /* first.png */ = {isa = PBXFileReference; lastKnownFileType = image.png; path = first.png; sourceTree = "<group>"; };
		D2D7751A1718F42200ED68C4 /* first@2x.png */ = {isa = PBXFileReference; lastKnownFileType = image.png; path = "first@2x.png"; sourceTree = "<group>"; };
		D2D7751C1718F42200ED68C4 /* TMSecondViewController.h */ = {isa = PBXFileReference; lastKnownFileType = sourcecode.c.h; path = TMSecondViewController.h; sourceTree = "<group>"; };
		D2D7751D1718F42200ED68C4 /* TMSecondViewController.m */ = {isa = PBXFileReference; lastKnownFileType = sourcecode.c.objc; path = TMSecondViewController.m; sourceTree = "<group>"; };
		D2D7751F1718F42200ED68C4 /* second.png */ = {isa = PBXFileReference; lastKnownFileType = image.png; path = second.png; sourceTree = "<group>"; };
		D2D775211718F42200ED68C4 /* second@2x.png */ = {isa = PBXFileReference; lastKnownFileType = image.png; path = "second@2x.png"; sourceTree = "<group>"; };
		D2D775241718F42200ED68C4 /* en */ = {isa = PBXFileReference; lastKnownFileType = file.xib; name = en; path = en.lproj/TMFirstViewController.xib; sourceTree = "<group>"; };
		D2D775271718F42200ED68C4 /* en */ = {isa = PBXFileReference; lastKnownFileType = file.xib; name = en; path = en.lproj/TMSecondViewController.xib; sourceTree = "<group>"; };
		D2D7752E1718F42200ED68C4 /* TradeMeAppTests.octest */ = {isa = PBXFileReference; explicitFileType = wrapper.cfbundle; includeInIndex = 0; path = TradeMeAppTests.octest; sourceTree = BUILT_PRODUCTS_DIR; };
		D2D7752F1718F42200ED68C4 /* SenTestingKit.framework */ = {isa = PBXFileReference; lastKnownFileType = wrapper.framework; name = SenTestingKit.framework; path = Library/Frameworks/SenTestingKit.framework; sourceTree = DEVELOPER_DIR; };
		D2D775371718F42200ED68C4 /* TradeMeAppTests-Info.plist */ = {isa = PBXFileReference; lastKnownFileType = text.plist.xml; path = "TradeMeAppTests-Info.plist"; sourceTree = "<group>"; };
		D2D775391718F42200ED68C4 /* en */ = {isa = PBXFileReference; lastKnownFileType = text.plist.strings; name = en; path = en.lproj/InfoPlist.strings; sourceTree = "<group>"; };
		D2D7753B1718F42200ED68C4 /* TradeMeAppTests.h */ = {isa = PBXFileReference; lastKnownFileType = sourcecode.c.h; path = TradeMeAppTests.h; sourceTree = "<group>"; };
		D2D7753C1718F42200ED68C4 /* TradeMeAppTests.m */ = {isa = PBXFileReference; lastKnownFileType = sourcecode.c.objc; path = TradeMeAppTests.m; sourceTree = "<group>"; };
		D2D775591719042F00ED68C4 /* RestKit.xcodeproj */ = {isa = PBXFileReference; lastKnownFileType = "wrapper.pb-project"; path = RestKit.xcodeproj; sourceTree = "<group>"; };
		D2D775691719056F00ED68C4 /* CFNetwork.framework */ = {isa = PBXFileReference; lastKnownFileType = wrapper.framework; name = CFNetwork.framework; path = System/Library/Frameworks/CFNetwork.framework; sourceTree = SDKROOT; };
		D2D7756B1719058400ED68C4 /* CoreData.framework */ = {isa = PBXFileReference; lastKnownFileType = wrapper.framework; name = CoreData.framework; path = System/Library/Frameworks/CoreData.framework; sourceTree = SDKROOT; };
		D2D7756D1719058D00ED68C4 /* MobileCoreServices.framework */ = {isa = PBXFileReference; lastKnownFileType = wrapper.framework; name = MobileCoreServices.framework; path = System/Library/Frameworks/MobileCoreServices.framework; sourceTree = SDKROOT; };
		D2D7756F1719059600ED68C4 /* Security.framework */ = {isa = PBXFileReference; lastKnownFileType = wrapper.framework; name = Security.framework; path = System/Library/Frameworks/Security.framework; sourceTree = SDKROOT; };
		D2D775711719059E00ED68C4 /* SystemConfiguration.framework */ = {isa = PBXFileReference; lastKnownFileType = wrapper.framework; name = SystemConfiguration.framework; path = System/Library/Frameworks/SystemConfiguration.framework; sourceTree = SDKROOT; };
		D2D7757A17190A4500ED68C4 /* TMCategory.h */ = {isa = PBXFileReference; fileEncoding = 4; lastKnownFileType = sourcecode.c.h; path = TMCategory.h; sourceTree = "<group>"; };
		D2D7757B17190A4500ED68C4 /* TMCategory.m */ = {isa = PBXFileReference; fileEncoding = 4; lastKnownFileType = sourcecode.c.objc; path = TMCategory.m; sourceTree = "<group>"; };
		D2D7757D17190B4800ED68C4 /* TMModels.h */ = {isa = PBXFileReference; fileEncoding = 4; lastKnownFileType = sourcecode.c.h; path = TMModels.h; sourceTree = "<group>"; };
		D2D775811719106E00ED68C4 /* TMBaseService.h */ = {isa = PBXFileReference; fileEncoding = 4; lastKnownFileType = sourcecode.c.h; path = TMBaseService.h; sourceTree = "<group>"; };
		D2D775821719106E00ED68C4 /* TMBaseService.m */ = {isa = PBXFileReference; fileEncoding = 4; lastKnownFileType = sourcecode.c.objc; path = TMBaseService.m; sourceTree = "<group>"; };
		D2D77584171910A100ED68C4 /* TMServices.h */ = {isa = PBXFileReference; fileEncoding = 4; lastKnownFileType = sourcecode.c.h; path = TMServices.h; sourceTree = "<group>"; };
		D2D77587171910F200ED68C4 /* TMCategoryService.h */ = {isa = PBXFileReference; fileEncoding = 4; lastKnownFileType = sourcecode.c.h; path = TMCategoryService.h; sourceTree = "<group>"; };
		D2D77588171910F200ED68C4 /* TMCategoryService.m */ = {isa = PBXFileReference; fileEncoding = 4; lastKnownFileType = sourcecode.c.objc; path = TMCategoryService.m; sourceTree = "<group>"; };
		D2D7758A1719126A00ED68C4 /* TMCategory+Mapping.h */ = {isa = PBXFileReference; fileEncoding = 4; lastKnownFileType = sourcecode.c.h; path = "TMCategory+Mapping.h"; sourceTree = "<group>"; };
		D2D7758B1719126A00ED68C4 /* TMCategory+Mapping.m */ = {isa = PBXFileReference; fileEncoding = 4; lastKnownFileType = sourcecode.c.objc; path = "TMCategory+Mapping.m"; sourceTree = "<group>"; };
/* End PBXFileReference section */

/* Begin PBXFrameworksBuildPhase section */
		D2D774F71718F42200ED68C4 /* Frameworks */ = {
			isa = PBXFrameworksBuildPhase;
			buildActionMask = 2147483647;
			files = (
				D2D77577171905EC00ED68C4 /* CFNetwork.framework in Frameworks */,
				D2D77576171905E000ED68C4 /* CoreData.framework in Frameworks */,
				D2D77575171905D700ED68C4 /* MobileCoreServices.framework in Frameworks */,
				D2D77574171905CC00ED68C4 /* Security.framework in Frameworks */,
				D2D77573171905C500ED68C4 /* SystemConfiguration.framework in Frameworks */,
				D2D775681719055300ED68C4 /* libRestKit.a in Frameworks */,
				D2D774FE1718F42200ED68C4 /* UIKit.framework in Frameworks */,
				D2D775001718F42200ED68C4 /* Foundation.framework in Frameworks */,
				D2D775021718F42200ED68C4 /* CoreGraphics.framework in Frameworks */,
			);
			runOnlyForDeploymentPostprocessing = 0;
		};
		D2D7752A1718F42200ED68C4 /* Frameworks */ = {
			isa = PBXFrameworksBuildPhase;
			buildActionMask = 2147483647;
			files = (
				D2D775301718F42200ED68C4 /* SenTestingKit.framework in Frameworks */,
				D2D775311718F42200ED68C4 /* UIKit.framework in Frameworks */,
				D2D775321718F42200ED68C4 /* Foundation.framework in Frameworks */,
			);
			runOnlyForDeploymentPostprocessing = 0;
		};
/* End PBXFrameworksBuildPhase section */

/* Begin PBXGroup section */
		D2D774F11718F42200ED68C4 = {
			isa = PBXGroup;
			children = (
				D2D77557171902D000ED68C4 /* Vendor */,
				D2D775031718F42200ED68C4 /* TradeMeApp */,
				D2D775351718F42200ED68C4 /* TradeMeAppTests */,
				D2D774FC1718F42200ED68C4 /* Frameworks */,
				D2D774FB1718F42200ED68C4 /* Products */,
			);
			sourceTree = "<group>";
		};
		D2D774FB1718F42200ED68C4 /* Products */ = {
			isa = PBXGroup;
			children = (
				D2D774FA1718F42200ED68C4 /* TradeMeApp.app */,
				D2D7752E1718F42200ED68C4 /* TradeMeAppTests.octest */,
			);
			name = Products;
			sourceTree = "<group>";
		};
		D2D774FC1718F42200ED68C4 /* Frameworks */ = {
			isa = PBXGroup;
			children = (
				D2D775711719059E00ED68C4 /* SystemConfiguration.framework */,
				D2D7756F1719059600ED68C4 /* Security.framework */,
				D2D7756D1719058D00ED68C4 /* MobileCoreServices.framework */,
				D2D7756B1719058400ED68C4 /* CoreData.framework */,
				D2D775691719056F00ED68C4 /* CFNetwork.framework */,
				D2D774FD1718F42200ED68C4 /* UIKit.framework */,
				D2D774FF1718F42200ED68C4 /* Foundation.framework */,
				D2D775011718F42200ED68C4 /* CoreGraphics.framework */,
				D2D7752F1718F42200ED68C4 /* SenTestingKit.framework */,
			);
			name = Frameworks;
			sourceTree = "<group>";
		};
		D2D775031718F42200ED68C4 /* TradeMeApp */ = {
			isa = PBXGroup;
			children = (
				D2D775801719104300ED68C4 /* Services */,
				D2D77579171909F600ED68C4 /* Models */,
				D2D7750C1718F42200ED68C4 /* TMAppDelegate.h */,
				D2D7750D1718F42200ED68C4 /* TMAppDelegate.m */,
				D2D775151718F42200ED68C4 /* TMFirstViewController.h */,
				D2D775161718F42200ED68C4 /* TMFirstViewController.m */,
				D2D775181718F42200ED68C4 /* first.png */,
				D2D7751A1718F42200ED68C4 /* first@2x.png */,
				D2D7751C1718F42200ED68C4 /* TMSecondViewController.h */,
				D2D7751D1718F42200ED68C4 /* TMSecondViewController.m */,
				D2D7751F1718F42200ED68C4 /* second.png */,
				D2D775211718F42200ED68C4 /* second@2x.png */,
				D2D775231718F42200ED68C4 /* TMFirstViewController.xib */,
				D2D775261718F42200ED68C4 /* TMSecondViewController.xib */,
				D2D775041718F42200ED68C4 /* Supporting Files */,
			);
			path = TradeMeApp;
			sourceTree = "<group>";
		};
		D2D775041718F42200ED68C4 /* Supporting Files */ = {
			isa = PBXGroup;
			children = (
				D2D775051718F42200ED68C4 /* TradeMeApp-Info.plist */,
				D2D775061718F42200ED68C4 /* InfoPlist.strings */,
				D2D775091718F42200ED68C4 /* main.m */,
				D2D7750B1718F42200ED68C4 /* TradeMeApp-Prefix.pch */,
				D2D7750F1718F42200ED68C4 /* Default.png */,
				D2D775111718F42200ED68C4 /* Default@2x.png */,
				D2D775131718F42200ED68C4 /* Default-568h@2x.png */,
			);
			name = "Supporting Files";
			sourceTree = "<group>";
		};
		D2D775351718F42200ED68C4 /* TradeMeAppTests */ = {
			isa = PBXGroup;
			children = (
				D2D7753B1718F42200ED68C4 /* TradeMeAppTests.h */,
				D2D7753C1718F42200ED68C4 /* TradeMeAppTests.m */,
				D2D775361718F42200ED68C4 /* Supporting Files */,
			);
			path = TradeMeAppTests;
			sourceTree = "<group>";
		};
		D2D775361718F42200ED68C4 /* Supporting Files */ = {
			isa = PBXGroup;
			children = (
				D2D775371718F42200ED68C4 /* TradeMeAppTests-Info.plist */,
				D2D775381718F42200ED68C4 /* InfoPlist.strings */,
			);
			name = "Supporting Files";
			sourceTree = "<group>";
		};
		D2D77557171902D000ED68C4 /* Vendor */ = {
			isa = PBXGroup;
			children = (
				D2D77558171902F600ED68C4 /* RestKit */,
			);
			path = Vendor;
			sourceTree = "<group>";
		};
		D2D77558171902F600ED68C4 /* RestKit */ = {
			isa = PBXGroup;
			children = (
				D2D775591719042F00ED68C4 /* RestKit.xcodeproj */,
			);
			path = RestKit;
			sourceTree = "<group>";
		};
		D2D7755A1719042F00ED68C4 /* Products */ = {
			isa = PBXGroup;
			children = (
				D2D775611719043000ED68C4 /* libRestKit.a */,
				D2D775631719043000ED68C4 /* RestKitTests.octest */,
				D2D775651719043000ED68C4 /* RestKit.framework */,
				D2D775671719043000ED68C4 /* RestKitFrameworkTests.octest */,
			);
			name = Products;
			sourceTree = "<group>";
		};
		D2D77579171909F600ED68C4 /* Models */ = {
			isa = PBXGroup;
			children = (
				D2D7757D17190B4800ED68C4 /* TMModels.h */,
				D2D7757A17190A4500ED68C4 /* TMCategory.h */,
				D2D7757B17190A4500ED68C4 /* TMCategory.m */,
				D2D7758A1719126A00ED68C4 /* TMCategory+Mapping.h */,
				D2D7758B1719126A00ED68C4 /* TMCategory+Mapping.m */,
			);
			path = Models;
			sourceTree = "<group>";
		};
		D2D775801719104300ED68C4 /* Services */ = {
			isa = PBXGroup;
			children = (
				D2D77584171910A100ED68C4 /* TMServices.h */,
				D2D775811719106E00ED68C4 /* TMBaseService.h */,
				D2D775821719106E00ED68C4 /* TMBaseService.m */,
				D2D77587171910F200ED68C4 /* TMCategoryService.h */,
				D2D77588171910F200ED68C4 /* TMCategoryService.m */,
			);
			path = Services;
			sourceTree = "<group>";
		};
/* End PBXGroup section */

/* Begin PBXNativeTarget section */
		D2D774F91718F42200ED68C4 /* TradeMeApp */ = {
			isa = PBXNativeTarget;
			buildConfigurationList = D2D775401718F42200ED68C4 /* Build configuration list for PBXNativeTarget "TradeMeApp" */;
			buildPhases = (
				D2D774F61718F42200ED68C4 /* Sources */,
				D2D774F71718F42200ED68C4 /* Frameworks */,
				D2D774F81718F42200ED68C4 /* Resources */,
			);
			buildRules = (
			);
			dependencies = (
			);
			name = TradeMeApp;
			productName = TradeMeApp;
			productReference = D2D774FA1718F42200ED68C4 /* TradeMeApp.app */;
			productType = "com.apple.product-type.application";
		};
		D2D7752D1718F42200ED68C4 /* TradeMeAppTests */ = {
			isa = PBXNativeTarget;
			buildConfigurationList = D2D775431718F42200ED68C4 /* Build configuration list for PBXNativeTarget "TradeMeAppTests" */;
			buildPhases = (
				D2D775291718F42200ED68C4 /* Sources */,
				D2D7752A1718F42200ED68C4 /* Frameworks */,
				D2D7752B1718F42200ED68C4 /* Resources */,
				D2D7752C1718F42200ED68C4 /* ShellScript */,
			);
			buildRules = (
			);
			dependencies = (
				D2D775341718F42200ED68C4 /* PBXTargetDependency */,
			);
			name = TradeMeAppTests;
			productName = TradeMeAppTests;
			productReference = D2D7752E1718F42200ED68C4 /* TradeMeAppTests.octest */;
			productType = "com.apple.product-type.bundle";
		};
/* End PBXNativeTarget section */

/* Begin PBXProject section */
		D2D774F21718F42200ED68C4 /* Project object */ = {
			isa = PBXProject;
			attributes = {
				CLASSPREFIX = TM;
				LastUpgradeCheck = 0460;
				ORGANIZATIONNAME = TrustyFrog;
			};
			buildConfigurationList = D2D774F51718F42200ED68C4 /* Build configuration list for PBXProject "TradeMeApp" */;
			compatibilityVersion = "Xcode 3.2";
			developmentRegion = English;
			hasScannedForEncodings = 0;
			knownRegions = (
				en,
			);
			mainGroup = D2D774F11718F42200ED68C4;
			productRefGroup = D2D774FB1718F42200ED68C4 /* Products */;
			projectDirPath = "";
			projectReferences = (
				{
					ProductGroup = D2D7755A1719042F00ED68C4 /* Products */;
					ProjectRef = D2D775591719042F00ED68C4 /* RestKit.xcodeproj */;
				},
			);
			projectRoot = "";
			targets = (
				D2D774F91718F42200ED68C4 /* TradeMeApp */,
				D2D7752D1718F42200ED68C4 /* TradeMeAppTests */,
			);
		};
/* End PBXProject section */

/* Begin PBXReferenceProxy section */
		D2D775611719043000ED68C4 /* libRestKit.a */ = {
			isa = PBXReferenceProxy;
			fileType = archive.ar;
			path = libRestKit.a;
			remoteRef = D2D775601719043000ED68C4 /* PBXContainerItemProxy */;
			sourceTree = BUILT_PRODUCTS_DIR;
		};
		D2D775631719043000ED68C4 /* RestKitTests.octest */ = {
			isa = PBXReferenceProxy;
			fileType = wrapper.cfbundle;
			path = RestKitTests.octest;
			remoteRef = D2D775621719043000ED68C4 /* PBXContainerItemProxy */;
			sourceTree = BUILT_PRODUCTS_DIR;
		};
		D2D775651719043000ED68C4 /* RestKit.framework */ = {
			isa = PBXReferenceProxy;
			fileType = wrapper.framework;
			path = RestKit.framework;
			remoteRef = D2D775641719043000ED68C4 /* PBXContainerItemProxy */;
			sourceTree = BUILT_PRODUCTS_DIR;
		};
		D2D775671719043000ED68C4 /* RestKitFrameworkTests.octest */ = {
			isa = PBXReferenceProxy;
			fileType = wrapper.cfbundle;
			path = RestKitFrameworkTests.octest;
			remoteRef = D2D775661719043000ED68C4 /* PBXContainerItemProxy */;
			sourceTree = BUILT_PRODUCTS_DIR;
		};
/* End PBXReferenceProxy section */

/* Begin PBXResourcesBuildPhase section */
		D2D774F81718F42200ED68C4 /* Resources */ = {
			isa = PBXResourcesBuildPhase;
			buildActionMask = 2147483647;
			files = (
				D2D775081718F42200ED68C4 /* InfoPlist.strings in Resources */,
				D2D775101718F42200ED68C4 /* Default.png in Resources */,
				D2D775121718F42200ED68C4 /* Default@2x.png in Resources */,
				D2D775141718F42200ED68C4 /* Default-568h@2x.png in Resources */,
				D2D775191718F42200ED68C4 /* first.png in Resources */,
				D2D7751B1718F42200ED68C4 /* first@2x.png in Resources */,
				D2D775201718F42200ED68C4 /* second.png in Resources */,
				D2D775221718F42200ED68C4 /* second@2x.png in Resources */,
				D2D775251718F42200ED68C4 /* TMFirstViewController.xib in Resources */,
				D2D775281718F42200ED68C4 /* TMSecondViewController.xib in Resources */,
			);
			runOnlyForDeploymentPostprocessing = 0;
		};
		D2D7752B1718F42200ED68C4 /* Resources */ = {
			isa = PBXResourcesBuildPhase;
			buildActionMask = 2147483647;
			files = (
				D2D7753A1718F42200ED68C4 /* InfoPlist.strings in Resources */,
			);
			runOnlyForDeploymentPostprocessing = 0;
		};
/* End PBXResourcesBuildPhase section */

/* Begin PBXShellScriptBuildPhase section */
		D2D7752C1718F42200ED68C4 /* ShellScript */ = {
			isa = PBXShellScriptBuildPhase;
			buildActionMask = 2147483647;
			files = (
			);
			inputPaths = (
			);
			outputPaths = (
			);
			runOnlyForDeploymentPostprocessing = 0;
			shellPath = /bin/sh;
			shellScript = "# Run the unit tests in this test bundle.\n\"${SYSTEM_DEVELOPER_DIR}/Tools/RunUnitTests\"\n";
		};
/* End PBXShellScriptBuildPhase section */

/* Begin PBXSourcesBuildPhase section */
		D2D774F61718F42200ED68C4 /* Sources */ = {
			isa = PBXSourcesBuildPhase;
			buildActionMask = 2147483647;
			files = (
				D2D7750A1718F42200ED68C4 /* main.m in Sources */,
				D2D7750E1718F42200ED68C4 /* TMAppDelegate.m in Sources */,
				D2D775171718F42200ED68C4 /* TMFirstViewController.m in Sources */,
				D2D7751E1718F42200ED68C4 /* TMSecondViewController.m in Sources */,
				D2D7757C17190A4500ED68C4 /* TMCategory.m in Sources */,
				D2D775831719106E00ED68C4 /* TMBaseService.m in Sources */,
				D2D77589171910F200ED68C4 /* TMCategoryService.m in Sources */,
				D2D7758C1719126A00ED68C4 /* TMCategory+Mapping.m in Sources */,
			);
			runOnlyForDeploymentPostprocessing = 0;
		};
		D2D775291718F42200ED68C4 /* Sources */ = {
			isa = PBXSourcesBuildPhase;
			buildActionMask = 2147483647;
			files = (
				D2D7753D1718F42200ED68C4 /* TradeMeAppTests.m in Sources */,
			);
			runOnlyForDeploymentPostprocessing = 0;
		};
/* End PBXSourcesBuildPhase section */

/* Begin PBXTargetDependency section */
		D2D775341718F42200ED68C4 /* PBXTargetDependency */ = {
			isa = PBXTargetDependency;
			target = D2D774F91718F42200ED68C4 /* TradeMeApp */;
			targetProxy = D2D775331718F42200ED68C4 /* PBXContainerItemProxy */;
		};
/* End PBXTargetDependency section */

/* Begin PBXVariantGroup section */
		D2D775061718F42200ED68C4 /* InfoPlist.strings */ = {
			isa = PBXVariantGroup;
			children = (
				D2D775071718F42200ED68C4 /* en */,
			);
			name = InfoPlist.strings;
			sourceTree = "<group>";
		};
		D2D775231718F42200ED68C4 /* TMFirstViewController.xib */ = {
			isa = PBXVariantGroup;
			children = (
				D2D775241718F42200ED68C4 /* en */,
			);
			name = TMFirstViewController.xib;
			sourceTree = "<group>";
		};
		D2D775261718F42200ED68C4 /* TMSecondViewController.xib */ = {
			isa = PBXVariantGroup;
			children = (
				D2D775271718F42200ED68C4 /* en */,
			);
			name = TMSecondViewController.xib;
			sourceTree = "<group>";
		};
		D2D775381718F42200ED68C4 /* InfoPlist.strings */ = {
			isa = PBXVariantGroup;
			children = (
				D2D775391718F42200ED68C4 /* en */,
			);
			name = InfoPlist.strings;
			sourceTree = "<group>";
		};
/* End PBXVariantGroup section */

/* Begin XCBuildConfiguration section */
		D2D7753E1718F42200ED68C4 /* Debug */ = {
			isa = XCBuildConfiguration;
			buildSettings = {
				ALWAYS_SEARCH_USER_PATHS = NO;
				CLANG_CXX_LANGUAGE_STANDARD = "gnu++0x";
				CLANG_CXX_LIBRARY = "libc++";
				CLANG_ENABLE_OBJC_ARC = YES;
				CLANG_WARN_CONSTANT_CONVERSION = YES;
				CLANG_WARN_EMPTY_BODY = YES;
				CLANG_WARN_ENUM_CONVERSION = YES;
				CLANG_WARN_INT_CONVERSION = YES;
				CLANG_WARN__DUPLICATE_METHOD_MATCH = YES;
				"CODE_SIGN_IDENTITY[sdk=iphoneos*]" = "iPhone Developer";
				COPY_PHASE_STRIP = NO;
				GCC_C_LANGUAGE_STANDARD = gnu99;
				GCC_DYNAMIC_NO_PIC = NO;
				GCC_OPTIMIZATION_LEVEL = 0;
				GCC_PREPROCESSOR_DEFINITIONS = (
					"DEBUG=1",
					"$(inherited)",
				);
				GCC_SYMBOLS_PRIVATE_EXTERN = NO;
				GCC_WARN_ABOUT_RETURN_TYPE = YES;
				GCC_WARN_UNINITIALIZED_AUTOS = YES;
				GCC_WARN_UNUSED_VARIABLE = YES;
				IPHONEOS_DEPLOYMENT_TARGET = 6.1;
				ONLY_ACTIVE_ARCH = YES;
				SDKROOT = iphoneos;
			};
			name = Debug;
		};
		D2D7753F1718F42200ED68C4 /* Release */ = {
			isa = XCBuildConfiguration;
			buildSettings = {
				ALWAYS_SEARCH_USER_PATHS = NO;
				CLANG_CXX_LANGUAGE_STANDARD = "gnu++0x";
				CLANG_CXX_LIBRARY = "libc++";
				CLANG_ENABLE_OBJC_ARC = YES;
				CLANG_WARN_CONSTANT_CONVERSION = YES;
				CLANG_WARN_EMPTY_BODY = YES;
				CLANG_WARN_ENUM_CONVERSION = YES;
				CLANG_WARN_INT_CONVERSION = YES;
				CLANG_WARN__DUPLICATE_METHOD_MATCH = YES;
				"CODE_SIGN_IDENTITY[sdk=iphoneos*]" = "iPhone Developer";
				COPY_PHASE_STRIP = YES;
				GCC_C_LANGUAGE_STANDARD = gnu99;
				GCC_WARN_ABOUT_RETURN_TYPE = YES;
				GCC_WARN_UNINITIALIZED_AUTOS = YES;
				GCC_WARN_UNUSED_VARIABLE = YES;
				IPHONEOS_DEPLOYMENT_TARGET = 6.1;
				OTHER_CFLAGS = "-DNS_BLOCK_ASSERTIONS=1";
				SDKROOT = iphoneos;
				VALIDATE_PRODUCT = YES;
			};
			name = Release;
		};
		D2D775411718F42200ED68C4 /* Debug */ = {
			isa = XCBuildConfiguration;
			buildSettings = {
				GCC_PRECOMPILE_PREFIX_HEADER = YES;
				GCC_PREFIX_HEADER = "TradeMeApp/TradeMeApp-Prefix.pch";
				HEADER_SEARCH_PATHS = "$(BUILT_PRODUCTS_DIR)/../../Headers";
				INFOPLIST_FILE = "TradeMeApp/TradeMeApp-Info.plist";
				OTHER_LDFLAGS = (
					"-ObjC",
					"-all_load",
				);
				PRODUCT_NAME = "$(TARGET_NAME)";
				WRAPPER_EXTENSION = app;
			};
			name = Debug;
		};
		D2D775421718F42200ED68C4 /* Release */ = {
			isa = XCBuildConfiguration;
			buildSettings = {
				GCC_PRECOMPILE_PREFIX_HEADER = YES;
				GCC_PREFIX_HEADER = "TradeMeApp/TradeMeApp-Prefix.pch";
				HEADER_SEARCH_PATHS = "$(BUILT_PRODUCTS_DIR)/../../Headers";
				INFOPLIST_FILE = "TradeMeApp/TradeMeApp-Info.plist";
				OTHER_LDFLAGS = (
					"-ObjC",
					"-all_load",
				);
				PRODUCT_NAME = "$(TARGET_NAME)";
				WRAPPER_EXTENSION = app;
			};
			name = Release;
		};
		D2D775441718F42200ED68C4 /* Debug */ = {
			isa = XCBuildConfiguration;
			buildSettings = {
				BUNDLE_LOADER = "$(BUILT_PRODUCTS_DIR)/TradeMeApp.app/TradeMeApp";
				FRAMEWORK_SEARCH_PATHS = (
					"\"$(SDKROOT)/Developer/Library/Frameworks\"",
					"\"$(DEVELOPER_LIBRARY_DIR)/Frameworks\"",
				);
				GCC_PRECOMPILE_PREFIX_HEADER = YES;
				GCC_PREFIX_HEADER = "TradeMeApp/TradeMeApp-Prefix.pch";
				INFOPLIST_FILE = "TradeMeAppTests/TradeMeAppTests-Info.plist";
				PRODUCT_NAME = "$(TARGET_NAME)";
				TEST_HOST = "$(BUNDLE_LOADER)";
				WRAPPER_EXTENSION = octest;
			};
			name = Debug;
		};
		D2D775451718F42200ED68C4 /* Release */ = {
			isa = XCBuildConfiguration;
			buildSettings = {
				BUNDLE_LOADER = "$(BUILT_PRODUCTS_DIR)/TradeMeApp.app/TradeMeApp";
				FRAMEWORK_SEARCH_PATHS = (
					"\"$(SDKROOT)/Developer/Library/Frameworks\"",
					"\"$(DEVELOPER_LIBRARY_DIR)/Frameworks\"",
				);
				GCC_PRECOMPILE_PREFIX_HEADER = YES;
				GCC_PREFIX_HEADER = "TradeMeApp/TradeMeApp-Prefix.pch";
				INFOPLIST_FILE = "TradeMeAppTests/TradeMeAppTests-Info.plist";
				PRODUCT_NAME = "$(TARGET_NAME)";
				TEST_HOST = "$(BUNDLE_LOADER)";
				WRAPPER_EXTENSION = octest;
			};
			name = Release;
		};
/* End XCBuildConfiguration section */

/* Begin XCConfigurationList section */
		D2D774F51718F42200ED68C4 /* Build configuration list for PBXProject "TradeMeApp" */ = {
			isa = XCConfigurationList;
			buildConfigurations = (
				D2D7753E1718F42200ED68C4 /* Debug */,
				D2D7753F1718F42200ED68C4 /* Release */,
			);
			defaultConfigurationIsVisible = 0;
			defaultConfigurationName = Release;
		};
		D2D775401718F42200ED68C4 /* Build configuration list for PBXNativeTarget "TradeMeApp" */ = {
			isa = XCConfigurationList;
			buildConfigurations = (
				D2D775411718F42200ED68C4 /* Debug */,
				D2D775421718F42200ED68C4 /* Release */,
			);
			defaultConfigurationIsVisible = 0;
			defaultConfigurationName = Release;
		};
		D2D775431718F42200ED68C4 /* Build configuration list for PBXNativeTarget "TradeMeAppTests" */ = {
			isa = XCConfigurationList;
			buildConfigurations = (
				D2D775441718F42200ED68C4 /* Debug */,
				D2D775451718F42200ED68C4 /* Release */,
			);
			defaultConfigurationIsVisible = 0;
			defaultConfigurationName = Release;
		};
/* End XCConfigurationList section */
	};
	rootObject = D2D774F21718F42200ED68C4 /* Project object */;
}
